
Microsoft Visual Studio Solution File, Format Version 12.00
# Visual Studio Version 16
VisualStudioVersion = 16.0.31829.152
MinimumVisualStudioVersion = 10.0.40219.1
Project("{FAE04EC0-301F-11D3-BF4B-00C04F79EFBC}") = "WebService", "WebService\WebService.csproj", "{43E33C88-7371-478B-9E7B-B0AE795BDF51}"
EndProject
Global
	GlobalSection(SolutionConfigurationPlatforms) = preSolution
		Debug|Any CPU = Debug|Any CPU
		Release|Any CPU = Release|Any CPU
	EndGlobalSection
	GlobalSection(ProjectConfigurationPlatforms) = postSolution
		{43E33C88-7371-478B-9E7B-B0AE795BDF51}.Debug|Any CPU.ActiveCfg = Debug|Any CPU
		{43E33C88-7371-478B-9E7B-B0AE795BDF51}.Debug|Any CPU.Build.0 = Debug|Any CPU
		{43E33C88-7371-478B-9E7B-B0AE795BDF51}.Release|Any CPU.ActiveCfg = Release|Any CPU
		{43E33C88-7371-478B-9E7B-B0AE795BDF51}.Release|Any CPU.Build.0 = Release|Any CPU
	EndGlobalSection
	GlobalSection(SolutionProperties) = preSolution
		HideSolutionNode = FALSE
	EndGlobalSection
	GlobalSection(ExtensibilityGlobals) = postSolution
		SolutionGuid = {D62F13BC-F71C-4CC6-9C04-313FB8D684D8}
	EndGlobalSection
EndGlobal
