
Microsoft Visual Studio Solution File, Format Version 12.00
# Visual Studio Version 16
VisualStudioVersion = 16.0.31829.152
MinimumVisualStudioVersion = 10.0.40219.1
Project("{FAE04EC0-301F-11D3-BF4B-00C04F79EFBC}") = "Service.Data", "Service.Data\Service.Data.csproj", "{AD715970-3AFA-4692-99F5-14478C8FA1C9}"
EndProject
Global
	GlobalSection(SolutionConfigurationPlatforms) = preSolution
		Debug|Any CPU = Debug|Any CPU
		Release|Any CPU = Release|Any CPU
	EndGlobalSection
	GlobalSection(ProjectConfigurationPlatforms) = postSolution
		{AD715970-3AFA-4692-99F5-14478C8FA1C9}.Debug|Any CPU.ActiveCfg = Debug|Any CPU
		{AD715970-3AFA-4692-99F5-14478C8FA1C9}.Debug|Any CPU.Build.0 = Debug|Any CPU
		{AD715970-3AFA-4692-99F5-14478C8FA1C9}.Release|Any CPU.ActiveCfg = Release|Any CPU
		{AD715970-3AFA-4692-99F5-14478C8FA1C9}.Release|Any CPU.Build.0 = Release|Any CPU
	EndGlobalSection
	GlobalSection(SolutionProperties) = preSolution
		HideSolutionNode = FALSE
	EndGlobalSection
	GlobalSection(ExtensibilityGlobals) = postSolution
		SolutionGuid = {B671F6F6-2C01-476F-BFD7-2A62C9FCB088}
	EndGlobalSection
EndGlobal
